
Microsoft Visual Studio Solution File, Format Version 12.00
Project("{FAE04EC0-301F-11D3-BF4B-00C04F79EFBC}") = "EStore.Web", "EStore.Web\EStore.Web.csproj", "{75A23AB2-7E48-485B-9644-372FACCA72E4}"
EndProject
Project("{2150E333-8FDC-42A3-9474-1A3956D46DE8}") = "BLL", "BLL", "{FA497726-4DB7-4DA2-9EB6-7F090D5D9D5A}"
EndProject
Project("{FAE04EC0-301F-11D3-BF4B-00C04F79EFBC}") = "EStore.Services", "EStore.Services\EStore.Services.csproj", "{3EDAFADE-35CE-4C0E-AB5D-AB5666BED3CC}"
EndProject
Project("{2150E333-8FDC-42A3-9474-1A3956D46DE8}") = "DAL", "DAL", "{57A44740-F7AD-4C9F-A13A-E4312FADF644}"
EndProject
Project("{FAE04EC0-301F-11D3-BF4B-00C04F79EFBC}") = "EStore.Domains", "EStore.Domains\EStore.Domains.csproj", "{8DADE280-490A-4D70-9872-DA0E7C7146DC}"
EndProject
Project("{FAE04EC0-301F-11D3-BF4B-00C04F79EFBC}") = "EStore.DataAccess", "EStore.DataAccess\EStore.DataAccess.csproj", "{2CCEC45A-E497-46D1-AABB-C4464F126168}"
EndProject
Global
	GlobalSection(SolutionConfigurationPlatforms) = preSolution
		Debug|Any CPU = Debug|Any CPU
		Release|Any CPU = Release|Any CPU
	EndGlobalSection
	GlobalSection(ProjectConfigurationPlatforms) = postSolution
		{75A23AB2-7E48-485B-9644-372FACCA72E4}.Debug|Any CPU.ActiveCfg = Debug|Any CPU
		{75A23AB2-7E48-485B-9644-372FACCA72E4}.Debug|Any CPU.Build.0 = Debug|Any CPU
		{75A23AB2-7E48-485B-9644-372FACCA72E4}.Release|Any CPU.ActiveCfg = Release|Any CPU
		{75A23AB2-7E48-485B-9644-372FACCA72E4}.Release|Any CPU.Build.0 = Release|Any CPU
		{3EDAFADE-35CE-4C0E-AB5D-AB5666BED3CC}.Debug|Any CPU.ActiveCfg = Debug|Any CPU
		{3EDAFADE-35CE-4C0E-AB5D-AB5666BED3CC}.Debug|Any CPU.Build.0 = Debug|Any CPU
		{3EDAFADE-35CE-4C0E-AB5D-AB5666BED3CC}.Release|Any CPU.ActiveCfg = Release|Any CPU
		{3EDAFADE-35CE-4C0E-AB5D-AB5666BED3CC}.Release|Any CPU.Build.0 = Release|Any CPU
		{8DADE280-490A-4D70-9872-DA0E7C7146DC}.Debug|Any CPU.ActiveCfg = Debug|Any CPU
		{8DADE280-490A-4D70-9872-DA0E7C7146DC}.Debug|Any CPU.Build.0 = Debug|Any CPU
		{8DADE280-490A-4D70-9872-DA0E7C7146DC}.Release|Any CPU.ActiveCfg = Release|Any CPU
		{8DADE280-490A-4D70-9872-DA0E7C7146DC}.Release|Any CPU.Build.0 = Release|Any CPU
		{2CCEC45A-E497-46D1-AABB-C4464F126168}.Debug|Any CPU.ActiveCfg = Debug|Any CPU
		{2CCEC45A-E497-46D1-AABB-C4464F126168}.Debug|Any CPU.Build.0 = Debug|Any CPU
		{2CCEC45A-E497-46D1-AABB-C4464F126168}.Release|Any CPU.ActiveCfg = Release|Any CPU
		{2CCEC45A-E497-46D1-AABB-C4464F126168}.Release|Any CPU.Build.0 = Release|Any CPU
	EndGlobalSection
	GlobalSection(NestedProjects) = preSolution
		{3EDAFADE-35CE-4C0E-AB5D-AB5666BED3CC} = {FA497726-4DB7-4DA2-9EB6-7F090D5D9D5A}
		{8DADE280-490A-4D70-9872-DA0E7C7146DC} = {57A44740-F7AD-4C9F-A13A-E4312FADF644}
		{2CCEC45A-E497-46D1-AABB-C4464F126168} = {57A44740-F7AD-4C9F-A13A-E4312FADF644}
	EndGlobalSection
EndGlobal
